
Microsoft Visual Studio Solution File, Format Version 12.00
# Visual Studio Version 17
VisualStudioVersion = 17.0.31903.59
MinimumVisualStudioVersion = 10.0.40219.1
Project("{FAE04EC0-301F-11D3-BF4B-00C04F79EFBC}") = "RoslynAnalyzer", "RoslynAnalyzer\RoslynAnalyzer\RoslynAnalyzer.csproj", "{C7EE7B5F-6B46-48CF-B469-F0EB82998AFA}"
EndProject
Project("{FAE04EC0-301F-11D3-BF4B-00C04F79EFBC}") = "RoslynAnalyzer.CodeFixes", "RoslynAnalyzer\RoslynAnalyzer.CodeFixes\RoslynAnalyzer.CodeFixes.csproj", "{8C9E86B1-5DA9-42CD-B945-413CF00958D0}"
EndProject
Project("{FAE04EC0-301F-11D3-BF4B-00C04F79EFBC}") = "RoslynAnalyzer.Package", "RoslynAnalyzer\RoslynAnalyzer.Package\RoslynAnalyzer.Package.csproj", "{B1C42747-7A43-475D-8511-B05021973955}"
EndProject
Project("{FAE04EC0-301F-11D3-BF4B-00C04F79EFBC}") = "RoslynAnalyzer.Test", "RoslynAnalyzer\RoslynAnalyzer.Test\RoslynAnalyzer.Test.csproj", "{DE10CEC9-2243-4A24-9130-013DF41BC399}"
EndProject
Project("{FAE04EC0-301F-11D3-BF4B-00C04F79EFBC}") = "RoslynAnalyzer.Vsix", "RoslynAnalyzer\RoslynAnalyzer.Vsix\RoslynAnalyzer.Vsix.csproj", "{98506AD8-F381-4094-B01A-0460338C93E2}"
EndProject
Global
	GlobalSection(SolutionConfigurationPlatforms) = preSolution
		Debug|Any CPU = Debug|Any CPU
		Release|Any CPU = Release|Any CPU
	EndGlobalSection
	GlobalSection(ProjectConfigurationPlatforms) = postSolution
		{C7EE7B5F-6B46-48CF-B469-F0EB82998AFA}.Debug|Any CPU.ActiveCfg = Debug|Any CPU
		{C7EE7B5F-6B46-48CF-B469-F0EB82998AFA}.Debug|Any CPU.Build.0 = Debug|Any CPU
		{C7EE7B5F-6B46-48CF-B469-F0EB82998AFA}.Release|Any CPU.ActiveCfg = Release|Any CPU
		{C7EE7B5F-6B46-48CF-B469-F0EB82998AFA}.Release|Any CPU.Build.0 = Release|Any CPU
		{8C9E86B1-5DA9-42CD-B945-413CF00958D0}.Debug|Any CPU.ActiveCfg = Debug|Any CPU
		{8C9E86B1-5DA9-42CD-B945-413CF00958D0}.Debug|Any CPU.Build.0 = Debug|Any CPU
		{8C9E86B1-5DA9-42CD-B945-413CF00958D0}.Release|Any CPU.ActiveCfg = Release|Any CPU
		{8C9E86B1-5DA9-42CD-B945-413CF00958D0}.Release|Any CPU.Build.0 = Release|Any CPU
		{B1C42747-7A43-475D-8511-B05021973955}.Debug|Any CPU.ActiveCfg = Debug|Any CPU
		{B1C42747-7A43-475D-8511-B05021973955}.Debug|Any CPU.Build.0 = Debug|Any CPU
		{B1C42747-7A43-475D-8511-B05021973955}.Release|Any CPU.ActiveCfg = Release|Any CPU
		{B1C42747-7A43-475D-8511-B05021973955}.Release|Any CPU.Build.0 = Release|Any CPU
		{DE10CEC9-2243-4A24-9130-013DF41BC399}.Debug|Any CPU.ActiveCfg = Debug|Any CPU
		{DE10CEC9-2243-4A24-9130-013DF41BC399}.Debug|Any CPU.Build.0 = Debug|Any CPU
		{DE10CEC9-2243-4A24-9130-013DF41BC399}.Release|Any CPU.ActiveCfg = Release|Any CPU
		{DE10CEC9-2243-4A24-9130-013DF41BC399}.Release|Any CPU.Build.0 = Release|Any CPU
		{98506AD8-F381-4094-B01A-0460338C93E2}.Debug|Any CPU.ActiveCfg = Debug|Any CPU
		{98506AD8-F381-4094-B01A-0460338C93E2}.Debug|Any CPU.Build.0 = Debug|Any CPU
		{98506AD8-F381-4094-B01A-0460338C93E2}.Release|Any CPU.ActiveCfg = Release|Any CPU
		{98506AD8-F381-4094-B01A-0460338C93E2}.Release|Any CPU.Build.0 = Release|Any CPU
	EndGlobalSection
	GlobalSection(SolutionProperties) = preSolution
		HideSolutionNode = FALSE
	EndGlobalSection
	GlobalSection(ExtensibilityGlobals) = postSolution
		SolutionGuid = {5D7707C6-AE91-4B7C-AA76-30CC30A881E4}
	EndGlobalSection
EndGlobal
